
Microsoft Visual Studio Solution File, Format Version 12.00
# Visual Studio Version 16
VisualStudioVersion = 16.0.31911.196
MinimumVisualStudioVersion = 10.0.40219.1
Project("{FAE04EC0-301F-11D3-BF4B-00C04F79EFBC}") = "KomodoInsurance.POCO", "KomodoInsurance\KomodoInsurance.POCO.csproj", "{0FCEDE65-BB49-4584-A33F-21DF9A8F546F}"
EndProject
Project("{FAE04EC0-301F-11D3-BF4B-00C04F79EFBC}") = "KomodoInsurance.Repository", "KomodoInsurance.Repository\KomodoInsurance.Repository.csproj", "{10E60EFC-C1C0-4653-B6A5-0C853F72712B}"
EndProject
Project("{FAE04EC0-301F-11D3-BF4B-00C04F79EFBC}") = "KomodoInsurance.UI", "KomodoInsurance.UI\KomodoInsurance.UI.csproj", "{1F40075C-1756-40A9-90E8-108A6769EDA6}"
EndProject
Global
	GlobalSection(SolutionConfigurationPlatforms) = preSolution
		Debug|Any CPU = Debug|Any CPU
		Release|Any CPU = Release|Any CPU
	EndGlobalSection
	GlobalSection(ProjectConfigurationPlatforms) = postSolution
		{0FCEDE65-BB49-4584-A33F-21DF9A8F546F}.Debug|Any CPU.ActiveCfg = Debug|Any CPU
		{0FCEDE65-BB49-4584-A33F-21DF9A8F546F}.Debug|Any CPU.Build.0 = Debug|Any CPU
		{0FCEDE65-BB49-4584-A33F-21DF9A8F546F}.Release|Any CPU.ActiveCfg = Release|Any CPU
		{0FCEDE65-BB49-4584-A33F-21DF9A8F546F}.Release|Any CPU.Build.0 = Release|Any CPU
		{10E60EFC-C1C0-4653-B6A5-0C853F72712B}.Debug|Any CPU.ActiveCfg = Debug|Any CPU
		{10E60EFC-C1C0-4653-B6A5-0C853F72712B}.Debug|Any CPU.Build.0 = Debug|Any CPU
		{10E60EFC-C1C0-4653-B6A5-0C853F72712B}.Release|Any CPU.ActiveCfg = Release|Any CPU
		{10E60EFC-C1C0-4653-B6A5-0C853F72712B}.Release|Any CPU.Build.0 = Release|Any CPU
		{1F40075C-1756-40A9-90E8-108A6769EDA6}.Debug|Any CPU.ActiveCfg = Debug|Any CPU
		{1F40075C-1756-40A9-90E8-108A6769EDA6}.Debug|Any CPU.Build.0 = Debug|Any CPU
		{1F40075C-1756-40A9-90E8-108A6769EDA6}.Release|Any CPU.ActiveCfg = Release|Any CPU
		{1F40075C-1756-40A9-90E8-108A6769EDA6}.Release|Any CPU.Build.0 = Release|Any CPU
	EndGlobalSection
	GlobalSection(SolutionProperties) = preSolution
		HideSolutionNode = FALSE
	EndGlobalSection
	GlobalSection(ExtensibilityGlobals) = postSolution
		SolutionGuid = {A0151CC0-98AA-4328-8132-8C8AFB74383B}
	EndGlobalSection
EndGlobal
